
Microsoft Visual Studio Solution File, Format Version 12.00
# Visual Studio Version 17
VisualStudioVersion = 17.9.34622.214
MinimumVisualStudioVersion = 10.0.40219.1
Project("{9A19103F-16F7-4668-BE54-9A1E7A4F7556}") = "PersonelTakip", "PersonelTakip\PersonelTakip.csproj", "{4E0B66E6-95ED-470E-BF34-D9AF573D6958}"
EndProject
Project("{9A19103F-16F7-4668-BE54-9A1E7A4F7556}") = "EfCoreModelFirst", "EfCoreModelFirst\EfCoreModelFirst.csproj", "{56AFFB30-55AC-48F4-972A-8099FAE49418}"
EndProject
Project("{9A19103F-16F7-4668-BE54-9A1E7A4F7556}") = "BtkKursTakip", "BtkKursTakip\BtkKursTakip.csproj", "{DDA32DB4-6AEA-4F62-BE4A-FC1164A4EA3C}"
EndProject
Project("{9A19103F-16F7-4668-BE54-9A1E7A4F7556}") = "BinanceApp", "BinanceApp\BinanceApp.csproj", "{4EA3DC4E-DDAD-4731-B80B-9CDA35DBDD23}"
EndProject
Project("{FAE04EC0-301F-11D3-BF4B-00C04F79EFBC}") = "BtkKitapTakip", "BtkKitapTakip\BtkKitapTakip.csproj", "{7EA4174A-45C7-4083-9569-2DEE886FF7C4}"
EndProject
Global
	GlobalSection(SolutionConfigurationPlatforms) = preSolution
		Debug|Any CPU = Debug|Any CPU
		Release|Any CPU = Release|Any CPU
	EndGlobalSection
	GlobalSection(ProjectConfigurationPlatforms) = postSolution
		{4E0B66E6-95ED-470E-BF34-D9AF573D6958}.Debug|Any CPU.ActiveCfg = Debug|Any CPU
		{4E0B66E6-95ED-470E-BF34-D9AF573D6958}.Debug|Any CPU.Build.0 = Debug|Any CPU
		{4E0B66E6-95ED-470E-BF34-D9AF573D6958}.Release|Any CPU.ActiveCfg = Release|Any CPU
		{4E0B66E6-95ED-470E-BF34-D9AF573D6958}.Release|Any CPU.Build.0 = Release|Any CPU
		{56AFFB30-55AC-48F4-972A-8099FAE49418}.Debug|Any CPU.ActiveCfg = Debug|Any CPU
		{56AFFB30-55AC-48F4-972A-8099FAE49418}.Debug|Any CPU.Build.0 = Debug|Any CPU
		{56AFFB30-55AC-48F4-972A-8099FAE49418}.Release|Any CPU.ActiveCfg = Release|Any CPU
		{56AFFB30-55AC-48F4-972A-8099FAE49418}.Release|Any CPU.Build.0 = Release|Any CPU
		{DDA32DB4-6AEA-4F62-BE4A-FC1164A4EA3C}.Debug|Any CPU.ActiveCfg = Debug|Any CPU
		{DDA32DB4-6AEA-4F62-BE4A-FC1164A4EA3C}.Debug|Any CPU.Build.0 = Debug|Any CPU
		{DDA32DB4-6AEA-4F62-BE4A-FC1164A4EA3C}.Release|Any CPU.ActiveCfg = Release|Any CPU
		{DDA32DB4-6AEA-4F62-BE4A-FC1164A4EA3C}.Release|Any CPU.Build.0 = Release|Any CPU
		{4EA3DC4E-DDAD-4731-B80B-9CDA35DBDD23}.Debug|Any CPU.ActiveCfg = Debug|Any CPU
		{4EA3DC4E-DDAD-4731-B80B-9CDA35DBDD23}.Debug|Any CPU.Build.0 = Debug|Any CPU
		{4EA3DC4E-DDAD-4731-B80B-9CDA35DBDD23}.Release|Any CPU.ActiveCfg = Release|Any CPU
		{4EA3DC4E-DDAD-4731-B80B-9CDA35DBDD23}.Release|Any CPU.Build.0 = Release|Any CPU
		{7EA4174A-45C7-4083-9569-2DEE886FF7C4}.Debug|Any CPU.ActiveCfg = Debug|Any CPU
		{7EA4174A-45C7-4083-9569-2DEE886FF7C4}.Debug|Any CPU.Build.0 = Debug|Any CPU
		{7EA4174A-45C7-4083-9569-2DEE886FF7C4}.Release|Any CPU.ActiveCfg = Release|Any CPU
		{7EA4174A-45C7-4083-9569-2DEE886FF7C4}.Release|Any CPU.Build.0 = Release|Any CPU
	EndGlobalSection
	GlobalSection(SolutionProperties) = preSolution
		HideSolutionNode = FALSE
	EndGlobalSection
	GlobalSection(ExtensibilityGlobals) = postSolution
		SolutionGuid = {21B71A4A-1E47-4788-8ADE-2B4C50BAF3BB}
	EndGlobalSection
EndGlobal
